
Microsoft Visual Studio Solution File, Format Version 12.00
# Visual Studio Version 17
VisualStudioVersion = 17.14.36109.1 d17.14
MinimumVisualStudioVersion = 10.0.40219.1
Project("{FAE04EC0-301F-11D3-BF4B-00C04F79EFBC}") = "DosyaSifreleyici", "DosyaSifreleyici\DosyaSifreleyici.csproj", "{84BD9DFA-1C40-415B-B7DA-63E04A0052E5}"
EndProject
Global
	GlobalSection(SolutionConfigurationPlatforms) = preSolution
		Debug|Any CPU = Debug|Any CPU
		Release|Any CPU = Release|Any CPU
	EndGlobalSection
	GlobalSection(ProjectConfigurationPlatforms) = postSolution
		{84BD9DFA-1C40-415B-B7DA-63E04A0052E5}.Debug|Any CPU.ActiveCfg = Debug|Any CPU
		{84BD9DFA-1C40-415B-B7DA-63E04A0052E5}.Debug|Any CPU.Build.0 = Debug|Any CPU
		{84BD9DFA-1C40-415B-B7DA-63E04A0052E5}.Release|Any CPU.ActiveCfg = Release|Any CPU
		{84BD9DFA-1C40-415B-B7DA-63E04A0052E5}.Release|Any CPU.Build.0 = Release|Any CPU
	EndGlobalSection
	GlobalSection(SolutionProperties) = preSolution
		HideSolutionNode = FALSE
	EndGlobalSection
	GlobalSection(ExtensibilityGlobals) = postSolution
		SolutionGuid = {D4D33A23-CDA1-49C4-82EE-4F11E515B0D6}
	EndGlobalSection
EndGlobal
